{
  "R": {
    "Version": "4.4.1",
    "Repositories": [
      {
        "Name": "CRAN",
        "URL": "https://cloud.r-project.org"
      }
    ]
  },
  "Packages": {
    "BH": {
      "Package": "BH",
      "Version": "1.84.0-0",
      "Source": "Repository",
      "Repository": "CRAN",
      "Hash": "a8235afbcd6316e6e91433ea47661013"
    },
    "DEoptimR": {
      "Package": "DEoptimR",
      "Version": "1.1-3",
      "Source": "Repository",
      "Repository": "CRAN",
      "Requirements": [
        "stats"
      ],
      "Hash": "72f87e0092e39384aee16df8d67d7410"
    },
    "DiceKriging": {
      "Package": "DiceKriging",
      "Version": "1.6.0",
      "Source": "Repository",
      "Repository": "CRAN",
      "Requirements": [
        "methods"
      ],
      "Hash": "033765b87e28c58cb80809cc668a9623"
    },
    "MASS": {
      "Package": "MASS",
      "Version": "7.3-61",
      "Source": "Repository",
      "Repository": "RSPM",
      "Requirements": [
        "R",
        "grDevices",
        "graphics",
        "methods",
        "stats",
        "utils"
      ],
      "Hash": "0cafd6f0500e5deba33be22c46bf6055"
    },
    "Matrix": {
      "Package": "Matrix",
      "Version": "1.7-0",
      "Source": "Repository",
      "Repository": "CRAN",
      "Requirements": [
        "R",
        "grDevices",
        "graphics",
        "grid",
        "lattice",
        "methods",
        "stats",
        "utils"
      ],
      "Hash": "1920b2f11133b12350024297d8a4ff4a"
    },
    "PRROC": {
      "Package": "PRROC",
      "Version": "1.3.1",
      "Source": "Repository",
      "Repository": "CRAN",
      "Hash": "5506f0a5a0661ac39bfcfca702f1f282"
    },
    "R6": {
      "Package": "R6",
      "Version": "2.5.1",
      "Source": "Repository",
      "Repository": "CRAN",
      "Requirements": [
        "R"
      ],
      "Hash": "470851b6d5d0ac559e9d01bb352b4021"
    },
    "RApiSerialize": {
      "Package": "RApiSerialize",
      "Version": "0.1.3",
      "Source": "Repository",
      "Repository": "CRAN",
      "Hash": "12cbd319d03b55edaa195695a155bb30"
    },
    "RColorBrewer": {
      "Package": "RColorBrewer",
      "Version": "1.1-3",
      "Source": "Repository",
      "Repository": "CRAN",
      "Requirements": [
        "R"
      ],
      "Hash": "45f0398006e83a5b10b72a90663d8d8c"
    },
    "Rcpp": {
      "Package": "Rcpp",
      "Version": "1.0.13",
      "Source": "Repository",
      "Repository": "CRAN",
      "Requirements": [
        "methods",
        "utils"
      ],
      "Hash": "f27411eb6d9c3dada5edd444b8416675"
    },
    "RcppEigen": {
      "Package": "RcppEigen",
      "Version": "0.3.4.0.2",
      "Source": "Repository",
      "Repository": "CRAN",
      "Requirements": [
        "R",
        "Rcpp",
        "stats",
        "utils"
      ],
      "Hash": "4ac8e423216b8b70cb9653d1b3f71eb9"
    },
    "RcppParallel": {
      "Package": "RcppParallel",
      "Version": "5.1.9",
      "Source": "Repository",
      "Repository": "CRAN",
      "Requirements": [
        "R"
      ],
      "Hash": "f38a72a419b91faac0ce5d9eee04c120"
    },
    "backports": {
      "Package": "backports",
      "Version": "1.5.0",
      "Source": "Repository",
      "Repository": "RSPM",
      "Requirements": [
        "R"
      ],
      "Hash": "e1e1b9d75c37401117b636b7ae50827a"
    },
    "base64enc": {
      "Package": "base64enc",
      "Version": "0.1-3",
      "Source": "Repository",
      "Repository": "CRAN",
      "Requirements": [
        "R"
      ],
      "Hash": "543776ae6848fde2f48ff3816d0628bc"
    },
    "base64url": {
      "Package": "base64url",
      "Version": "1.4",
      "Source": "Repository",
      "Repository": "CRAN",
      "Requirements": [
        "backports"
      ],
      "Hash": "0c54cf3a08cc0e550fbd64ad33166143"
    },
    "batchtools": {
      "Package": "batchtools",
      "Version": "0.9.17",
      "Source": "Repository",
      "Repository": "CRAN",
      "Requirements": [
        "R",
        "R6",
        "backports",
        "base64url",
        "brew",
        "checkmate",
        "data.table",
        "digest",
        "fs",
        "parallel",
        "progress",
        "rappdirs",
        "stats",
        "stringi",
        "utils",
        "withr"
      ],
      "Hash": "c21ca34590a8dd80fccec5bf1b2d26d7"
    },
    "bbotk": {
      "Package": "bbotk",
      "Version": "1.1.0",
      "Source": "Repository",
      "Repository": "CRAN",
      "Requirements": [
        "R",
        "R6",
        "checkmate",
        "data.table",
        "lgr",
        "methods",
        "mlr3misc",
        "paradox"
      ],
      "Hash": "f567c7620152fc38663112b851a5c761"
    },
    "bit": {
      "Package": "bit",
      "Version": "4.0.5",
      "Source": "Repository",
      "Repository": "CRAN",
      "Requirements": [
        "R"
      ],
      "Hash": "d242abec29412ce988848d0294b208fd"
    },
    "bit64": {
      "Package": "bit64",
      "Version": "4.0.5",
      "Source": "Repository",
      "Repository": "CRAN",
      "Requirements": [
        "R",
        "bit",
        "methods",
        "stats",
        "utils"
      ],
      "Hash": "9fe98599ca456d6552421db0d6772d8f"
    },
    "brew": {
      "Package": "brew",
      "Version": "1.0-10",
      "Source": "Repository",
      "Repository": "RSPM",
      "Hash": "8f4a384e19dccd8c65356dc096847b76"
    },
    "bslib": {
      "Package": "bslib",
      "Version": "0.8.0",
      "Source": "Repository",
      "Repository": "CRAN",
      "Requirements": [
        "R",
        "base64enc",
        "cachem",
        "fastmap",
        "grDevices",
        "htmltools",
        "jquerylib",
        "jsonlite",
        "lifecycle",
        "memoise",
        "mime",
        "rlang",
        "sass"
      ],
      "Hash": "b299c6741ca9746fb227debcb0f9fb6c"
    },
    "cachem": {
      "Package": "cachem",
      "Version": "1.1.0",
      "Source": "Repository",
      "Repository": "CRAN",
      "Requirements": [
        "fastmap",
        "rlang"
      ],
      "Hash": "cd9a672193789068eb5a2aad65a0dedf"
    },
    "callr": {
      "Package": "callr",
      "Version": "3.7.6",
      "Source": "Repository",
      "Repository": "CRAN",
      "Requirements": [
        "R",
        "R6",
        "processx",
        "utils"
      ],
      "Hash": "d7e13f49c19103ece9e58ad2d83a7354"
    },
    "checkmate": {
      "Package": "checkmate",
      "Version": "2.3.2",
      "Source": "Repository",
      "Repository": "CRAN",
      "Requirements": [
        "R",
        "backports",
        "utils"
      ],
      "Hash": "0e14e01ce07e7c88fd25de6d4260d26b"
    },
    "class": {
      "Package": "class",
      "Version": "7.3-22",
      "Source": "Repository",
      "Repository": "CRAN",
      "Requirements": [
        "MASS",
        "R",
        "stats",
        "utils"
      ],
      "Hash": "f91f6b29f38b8c280f2b9477787d4bb2"
    },
    "cli": {
      "Package": "cli",
      "Version": "3.6.3",
      "Source": "Repository",
      "Repository": "CRAN",
      "Requirements": [
        "R",
        "utils"
      ],
      "Hash": "b21916dd77a27642b447374a5d30ecf3"
    },
    "clue": {
      "Package": "clue",
      "Version": "0.3-65",
      "Source": "Repository",
      "Repository": "CRAN",
      "Requirements": [
        "R",
        "cluster",
        "graphics",
        "methods",
        "stats"
      ],
      "Hash": "d6b53853800595408a776900bcc0c23f"
    },
    "cluster": {
      "Package": "cluster",
      "Version": "2.1.6",
      "Source": "Repository",
      "Repository": "CRAN",
      "Requirements": [
        "R",
        "grDevices",
        "graphics",
        "stats",
        "utils"
      ],
      "Hash": "0aaa05204035dc43ea0004b9c76611dd"
    },
    "codetools": {
      "Package": "codetools",
      "Version": "0.2-20",
      "Source": "Repository",
      "Repository": "CRAN",
      "Requirements": [
        "R"
      ],
      "Hash": "61e097f35917d342622f21cdc79c256e"
    },
    "colorspace": {
      "Package": "colorspace",
      "Version": "2.1-1",
      "Source": "Repository",
      "Repository": "CRAN",
      "Requirements": [
        "R",
        "grDevices",
        "graphics",
        "methods",
        "stats"
      ],
      "Hash": "d954cb1c57e8d8b756165d7ba18aa55a"
    },
    "config": {
      "Package": "config",
      "Version": "0.3.2",
      "Source": "Repository",
      "Repository": "CRAN",
      "Requirements": [
        "yaml"
      ],
      "Hash": "8b7222e9d9eb5178eea545c0c4d33fc2"
    },
    "cpp11": {
      "Package": "cpp11",
      "Version": "0.5.0",
      "Source": "Repository",
      "Repository": "CRAN",
      "Requirements": [
        "R"
      ],
      "Hash": "91570bba75d0c9d3f1040c835cee8fba"
    },
    "crayon": {
      "Package": "crayon",
      "Version": "1.5.3",
      "Source": "Repository",
      "Repository": "CRAN",
      "Requirements": [
        "grDevices",
        "methods",
        "utils"
      ],
      "Hash": "859d96e65ef198fd43e82b9628d593ef"
    },
    "curl": {
      "Package": "curl",
      "Version": "5.2.2",
      "Source": "Repository",
      "Repository": "CRAN",
      "Requirements": [
        "R"
      ],
      "Hash": "8f27335f2bcff4d6035edcc82d7d46de"
    },
    "data.table": {
      "Package": "data.table",
      "Version": "1.16.0",
      "Source": "Repository",
      "Repository": "CRAN",
      "Requirements": [
        "R",
        "methods"
      ],
      "Hash": "fb24e05d4a91d8b1c7ff8e284bde834a"
    },
    "digest": {
      "Package": "digest",
      "Version": "0.6.37",
      "Source": "Repository",
      "Repository": "CRAN",
      "Requirements": [
        "R",
        "utils"
      ],
      "Hash": "33698c4b3127fc9f506654607fb73676"
    },
    "diptest": {
      "Package": "diptest",
      "Version": "0.77-1",
      "Source": "Repository",
      "Repository": "CRAN",
      "Requirements": [
        "graphics",
        "stats"
      ],
      "Hash": "882c35d95d13cdf1cd331008b8402420"
    },
    "dplyr": {
      "Package": "dplyr",
      "Version": "1.1.4",
      "Source": "Repository",
      "Repository": "CRAN",
      "Requirements": [
        "R",
        "R6",
        "cli",
        "generics",
        "glue",
        "lifecycle",
        "magrittr",
        "methods",
        "pillar",
        "rlang",
        "tibble",
        "tidyselect",
        "utils",
        "vctrs"
      ],
      "Hash": "fedd9d00c2944ff00a0e2696ccf048ec"
    },
    "evaluate": {
      "Package": "evaluate",
      "Version": "1.0.0",
      "Source": "Repository",
      "Repository": "CRAN",
      "Requirements": [
        "R"
      ],
      "Hash": "6b567375113ceb7d9f800de4dd42218e"
    },
    "fansi": {
      "Package": "fansi",
      "Version": "1.0.6",
      "Source": "Repository",
      "Repository": "CRAN",
      "Requirements": [
        "R",
        "grDevices",
        "utils"
      ],
      "Hash": "962174cf2aeb5b9eea581522286a911f"
    },
    "farver": {
      "Package": "farver",
      "Version": "2.1.2",
      "Source": "Repository",
      "Repository": "RSPM",
      "Hash": "680887028577f3fa2a81e410ed0d6e42"
    },
    "fastmap": {
      "Package": "fastmap",
      "Version": "1.2.0",
      "Source": "Repository",
      "Repository": "CRAN",
      "Hash": "aa5e1cd11c2d15497494c5292d7ffcc8"
    },
    "flexmix": {
      "Package": "flexmix",
      "Version": "2.3-19",
      "Source": "Repository",
      "Repository": "CRAN",
      "Requirements": [
        "R",
        "grDevices",
        "graphics",
        "grid",
        "lattice",
        "methods",
        "modeltools",
        "nnet",
        "stats",
        "stats4",
        "utils"
      ],
      "Hash": "0cb3c4b251c2d3fd5923d3e7e6021ee2"
    },
    "fontawesome": {
      "Package": "fontawesome",
      "Version": "0.5.2",
      "Source": "Repository",
      "Repository": "CRAN",
      "Requirements": [
        "R",
        "htmltools",
        "rlang"
      ],
      "Hash": "c2efdd5f0bcd1ea861c2d4e2a883a67d"
    },
    "fpc": {
      "Package": "fpc",
      "Version": "2.2-12",
      "Source": "Repository",
      "Repository": "CRAN",
      "Requirements": [
        "MASS",
        "R",
        "class",
        "cluster",
        "diptest",
        "flexmix",
        "grDevices",
        "graphics",
        "kernlab",
        "mclust",
        "methods",
        "parallel",
        "prabclus",
        "robustbase",
        "stats",
        "utils"
      ],
      "Hash": "5679840cd4a975661692045e0d767d65"
    },
    "fs": {
      "Package": "fs",
      "Version": "1.6.4",
      "Source": "Repository",
      "Repository": "CRAN",
      "Requirements": [
        "R",
        "methods"
      ],
      "Hash": "15aeb8c27f5ea5161f9f6a641fafd93a"
    },
    "future": {
      "Package": "future",
      "Version": "1.34.0",
      "Source": "Repository",
      "Repository": "CRAN",
      "Requirements": [
        "digest",
        "globals",
        "listenv",
        "parallel",
        "parallelly",
        "utils"
      ],
      "Hash": "475771e3edb711591476be387c9a8c2e"
    },
    "future.apply": {
      "Package": "future.apply",
      "Version": "1.11.3",
      "Source": "Repository",
      "Repository": "CRAN"
    },
    "generics": {
      "Package": "generics",
      "Version": "0.1.3",
      "Source": "Repository",
      "Repository": "CRAN",
      "Requirements": [
        "R",
        "methods"
      ],
      "Hash": "15e9634c0fcd294799e9b2e929ed1b86"
    },
    "ggplot2": {
      "Package": "ggplot2",
      "Version": "3.5.1",
      "Source": "Repository",
      "Repository": "CRAN",
      "Requirements": [
        "MASS",
        "R",
        "cli",
        "glue",
        "grDevices",
        "grid",
        "gtable",
        "isoband",
        "lifecycle",
        "mgcv",
        "rlang",
        "scales",
        "stats",
        "tibble",
        "vctrs",
        "withr"
      ],
      "Hash": "44c6a2f8202d5b7e878ea274b1092426"
    },
    "globals": {
      "Package": "globals",
      "Version": "0.16.3",
      "Source": "Repository",
      "Repository": "CRAN",
      "Requirements": [
        "R",
        "codetools"
      ],
      "Hash": "2580567908cafd4f187c1e5a91e98b7f"
    },
    "glue": {
      "Package": "glue",
      "Version": "1.7.0",
      "Source": "Repository",
      "Repository": "CRAN",
      "Requirements": [
        "R",
        "methods"
      ],
      "Hash": "e0b3a53876554bd45879e596cdb10a52"
    },
    "gridExtra": {
      "Package": "gridExtra",
      "Version": "2.3",
      "Source": "Repository",
      "Repository": "CRAN",
      "Requirements": [
        "grDevices",
        "graphics",
        "grid",
        "gtable",
        "utils"
      ],
      "Hash": "7d7f283939f563670a697165b2cf5560"
    },
    "gtable": {
      "Package": "gtable",
      "Version": "0.3.5",
      "Source": "Repository",
      "Repository": "RSPM",
      "Requirements": [
        "R",
        "cli",
        "glue",
        "grid",
        "lifecycle",
        "rlang"
      ],
      "Hash": "e18861963cbc65a27736e02b3cd3c4a0"
    },
    "hardhat": {
      "Package": "hardhat",
      "Version": "1.4.0",
      "Source": "Repository",
      "Repository": "CRAN",
      "Requirements": [
        "R",
        "cli",
        "glue",
        "rlang",
        "tibble",
        "vctrs"
      ],
      "Hash": "e7aabf81944f6c6cbbcec1f85827a279"
    },
    "here": {
      "Package": "here",
      "Version": "1.0.1",
      "Source": "Repository",
      "Repository": "CRAN",
      "Requirements": [
        "rprojroot"
      ],
      "Hash": "24b224366f9c2e7534d2344d10d59211"
    },
    "highr": {
      "Package": "highr",
      "Version": "0.11",
      "Source": "Repository",
      "Repository": "RSPM",
      "Requirements": [
        "R",
        "xfun"
      ],
      "Hash": "d65ba49117ca223614f71b60d85b8ab7"
    },
    "hms": {
      "Package": "hms",
      "Version": "1.1.3",
      "Source": "Repository",
      "Repository": "CRAN",
      "Requirements": [
        "lifecycle",
        "methods",
        "pkgconfig",
        "rlang",
        "vctrs"
      ],
      "Hash": "b59377caa7ed00fa41808342002138f9"
    },
    "htmltools": {
      "Package": "htmltools",
      "Version": "0.5.8.1",
      "Source": "Repository",
      "Repository": "CRAN",
      "Requirements": [
        "R",
        "base64enc",
        "digest",
        "fastmap",
        "grDevices",
        "rlang",
        "utils"
      ],
      "Hash": "81d371a9cc60640e74e4ab6ac46dcedc"
    },
    "isoband": {
      "Package": "isoband",
      "Version": "0.2.7",
      "Source": "Repository",
      "Repository": "CRAN",
      "Requirements": [
        "grid",
        "utils"
      ],
      "Hash": "0080607b4a1a7b28979aecef976d8bc2"
    },
    "jquerylib": {
      "Package": "jquerylib",
      "Version": "0.1.4",
      "Source": "Repository",
      "Repository": "CRAN",
      "Requirements": [
        "htmltools"
      ],
      "Hash": "5aab57a3bd297eee1c1d862735972182"
    },
    "jsonlite": {
      "Package": "jsonlite",
      "Version": "1.8.8",
      "Source": "Repository",
      "Repository": "CRAN",
      "Requirements": [
        "methods"
      ],
      "Hash": "e1b9c55281c5adc4dd113652d9e26768"
    },
    "kableExtra": {
      "Package": "kableExtra",
      "Version": "1.4.0",
      "Source": "Repository",
      "Repository": "RSPM",
      "Requirements": [
        "R",
        "digest",
        "grDevices",
        "graphics",
        "htmltools",
        "knitr",
        "magrittr",
        "rmarkdown",
        "rstudioapi",
        "scales",
        "stats",
        "stringr",
        "svglite",
        "tools",
        "viridisLite",
        "xml2"
      ],
      "Hash": "532d16304274c23c8563f94b79351c86"
    },
    "kernlab": {
      "Package": "kernlab",
      "Version": "0.9-33",
      "Source": "Repository",
      "Repository": "CRAN",
      "Requirements": [
        "R",
        "grDevices",
        "graphics",
        "methods",
        "stats"
      ],
      "Hash": "97d266249d6c3b4f40e34e1ceaf9c558"
    },
    "knitr": {
      "Package": "knitr",
      "Version": "1.48",
      "Source": "Repository",
      "Repository": "CRAN",
      "Requirements": [
        "R",
        "evaluate",
        "highr",
        "methods",
        "tools",
        "xfun",
        "yaml"
      ],
      "Hash": "acf380f300c721da9fde7df115a5f86f"
    },
    "labeling": {
      "Package": "labeling",
      "Version": "0.4.3",
      "Source": "Repository",
      "Repository": "CRAN",
      "Requirements": [
        "graphics",
        "stats"
      ],
      "Hash": "b64ec208ac5bc1852b285f665d6368b3"
    },
    "lattice": {
      "Package": "lattice",
      "Version": "0.22-6",
      "Source": "Repository",
      "Repository": "CRAN",
      "Requirements": [
        "R",
        "grDevices",
        "graphics",
        "grid",
        "stats",
        "utils"
      ],
      "Hash": "cc5ac1ba4c238c7ca9fa6a87ca11a7e2"
    },
    "lgr": {
      "Package": "lgr",
      "Version": "0.4.4",
      "Source": "Repository",
      "Repository": "CRAN",
      "Requirements": [
        "R",
        "R6"
      ],
      "Hash": "a6bc51765d7e9eeb2b225a11805527aa"
    },
    "lifecycle": {
      "Package": "lifecycle",
      "Version": "1.0.4",
      "Source": "Repository",
      "Repository": "CRAN",
      "Requirements": [
        "R",
        "cli",
        "glue",
        "rlang"
      ],
      "Hash": "b8552d117e1b808b09a832f589b79035"
    },
    "listenv": {
      "Package": "listenv",
      "Version": "0.9.1",
      "Source": "Repository",
      "Repository": "CRAN",
      "Requirements": [
        "R"
      ],
      "Hash": "e2fca3e12e4db979dccc6e519b10a7ee"
    },
    "magrittr": {
      "Package": "magrittr",
      "Version": "2.0.3",
      "Source": "Repository",
      "Repository": "CRAN",
      "Requirements": [
        "R"
      ],
      "Hash": "7ce2733a9826b3aeb1775d56fd305472"
    },
    "mclust": {
      "Package": "mclust",
      "Version": "6.1.1",
      "Source": "Repository",
      "Repository": "CRAN",
      "Requirements": [
        "R",
        "grDevices",
        "graphics",
        "stats",
        "utils"
      ],
      "Hash": "aa9cfd45e2c3297213e270d000d80655"
    },
    "memoise": {
      "Package": "memoise",
      "Version": "2.0.1",
      "Source": "Repository",
      "Repository": "CRAN",
      "Requirements": [
        "cachem",
        "rlang"
      ],
      "Hash": "e2817ccf4a065c5d9d7f2cfbe7c1d78c"
    },
    "mgcv": {
      "Package": "mgcv",
      "Version": "1.9-1",
      "Source": "Repository",
      "Repository": "CRAN",
      "Requirements": [
        "Matrix",
        "R",
        "graphics",
        "methods",
        "nlme",
        "splines",
        "stats",
        "utils"
      ],
      "Hash": "110ee9d83b496279960e162ac97764ce"
    },
    "mime": {
      "Package": "mime",
      "Version": "0.12",
      "Source": "Repository",
      "Repository": "CRAN",
      "Requirements": [
        "tools"
      ],
      "Hash": "18e9c28c1d3ca1560ce30658b22ce104"
    },
    "mlbench": {
      "Package": "mlbench",
      "Version": "2.1-5",
      "Source": "Repository",
      "Repository": "CRAN",
      "Requirements": [
        "R"
      ],
      "Hash": "3a46a0a463d4afcf10df9a3f4e627eca"
    },
    "mlr3": {
      "Package": "mlr3",
      "Version": "0.20.2",
      "Source": "Repository",
      "Repository": "CRAN",
      "Requirements": [
        "R",
        "R6",
        "backports",
        "checkmate",
        "data.table",
        "evaluate",
        "future",
        "future.apply",
        "lgr",
        "mlbench",
        "mlr3measures",
        "mlr3misc",
        "palmerpenguins",
        "paradox",
        "parallelly",
        "uuid"
      ],
      "Hash": "2e5225a210cef7155a2899a4d16f1cf2"
    },
    "mlr3batchmark": {
      "Package": "mlr3batchmark",
      "Version": "0.1.1.9000",
      "Source": "GitHub",
      "RemoteType": "github",
      "RemoteHost": "api.github.com",
      "RemoteUsername": "mlr-org",
      "RemoteRepo": "mlr3batchmark",
      "RemoteRef": "main",
      "RemoteSha": "59a7efa8511cc5d3621886f455b555854d25dd00",
      "Requirements": [
        "R",
        "batchtools",
        "checkmate",
        "data.table",
        "lgr",
        "mlr3",
        "mlr3misc",
        "uuid"
      ],
      "Hash": "e0ec88b0fb34651f91e6aa330ff7a18e"
    },
    "mlr3cluster": {
      "Package": "mlr3cluster",
      "Version": "0.1.9",
      "Source": "Repository",
      "Repository": "CRAN",
      "Requirements": [
        "R",
        "R6",
        "backports",
        "checkmate",
        "clue",
        "cluster",
        "data.table",
        "fpc",
        "mlr3",
        "mlr3misc",
        "paradox",
        "stats"
      ],
      "Hash": "39b1db7adb1248dc12da4cf1693d83ca"
    },
    "mlr3data": {
      "Package": "mlr3data",
      "Version": "0.7.0",
      "Source": "Repository",
      "Repository": "CRAN",
      "Requirements": [
        "R"
      ],
      "Hash": "e11aa02ec56f8c3341c45b876e92b92f"
    },
    "mlr3extralearners": {
      "Package": "mlr3extralearners",
      "Version": "0.9.0-9000",
      "Source": "GitHub",
      "RemoteType": "github",
      "RemoteHost": "api.github.com",
      "RemoteUsername": "mlr-org",
      "RemoteRepo": "mlr3extralearners",
      "RemoteRef": "main",
      "RemoteSha": "0297a064dda0424305a21f4b02cc27b47438f354",
      "Requirements": [
        "R",
        "R6",
        "checkmate",
        "data.table",
        "methods",
        "mlr3",
        "mlr3misc",
        "paradox"
      ],
      "Hash": "68d73f39dcba0f8f89fba30199e8a0ea"
    },
    "mlr3filters": {
      "Package": "mlr3filters",
      "Version": "0.8.0",
      "Source": "Repository",
      "Repository": "CRAN",
      "Requirements": [
        "R",
        "R6",
        "backports",
        "checkmate",
        "data.table",
        "mlr3",
        "mlr3misc",
        "paradox"
      ],
      "Hash": "c26b96962a98a5416c7ca1f1cd6b1674"
    },
    "mlr3fselect": {
      "Package": "mlr3fselect",
      "Version": "1.1.0",
      "Source": "Repository",
      "Repository": "CRAN",
      "Requirements": [
        "R",
        "R6",
        "bbotk",
        "checkmate",
        "data.table",
        "lgr",
        "mlr3",
        "mlr3misc",
        "paradox",
        "stabm"
      ],
      "Hash": "66b2eb5b19747b4f50ccd40298ab4fa7"
    },
    "mlr3hyperband": {
      "Package": "mlr3hyperband",
      "Version": "0.6.0",
      "Source": "Repository",
      "Repository": "CRAN",
      "Requirements": [
        "R",
        "R6",
        "bbotk",
        "checkmate",
        "data.table",
        "lgr",
        "mlr3",
        "mlr3misc",
        "mlr3tuning",
        "paradox"
      ],
      "Hash": "a4db3351f5819f1cf1f24f1188e62b7c"
    },
    "mlr3learners": {
      "Package": "mlr3learners",
      "Version": "0.7.0",
      "Source": "Repository",
      "Repository": "CRAN",
      "Requirements": [
        "R",
        "R6",
        "checkmate",
        "data.table",
        "mlr3",
        "mlr3misc",
        "paradox"
      ],
      "Hash": "121940d0b919f5eba801ada1af6f198b"
    },
    "mlr3mbo": {
      "Package": "mlr3mbo",
      "Version": "0.2.4",
      "Source": "Repository",
      "Repository": "CRAN",
      "Requirements": [
        "R",
        "R6",
        "bbotk",
        "checkmate",
        "data.table",
        "lgr",
        "mlr3",
        "mlr3misc",
        "mlr3tuning",
        "paradox",
        "spacefillr"
      ],
      "Hash": "5e2ed0348e0ad399dae4e198cddc5256"
    },
    "mlr3measures": {
      "Package": "mlr3measures",
      "Version": "1.0.0",
      "Source": "Repository",
      "Repository": "CRAN",
      "Requirements": [
        "PRROC",
        "R",
        "checkmate",
        "mlr3misc"
      ],
      "Hash": "17820d010dc2ca452b2c40361b62b732"
    },
    "mlr3misc": {
      "Package": "mlr3misc",
      "Version": "0.15.1",
      "Source": "Repository",
      "Repository": "CRAN",
      "Requirements": [
        "R",
        "R6",
        "backports",
        "checkmate",
        "data.table",
        "digest",
        "methods"
      ],
      "Hash": "465c3a7a04caf09a431bef1b9c5ec89b"
    },
    "mlr3oml": {
      "Package": "mlr3oml",
      "Version": "0.10.0",
      "Source": "Repository",
      "Repository": "CRAN",
      "Requirements": [
        "R",
        "R6",
        "backports",
        "bit64",
        "checkmate",
        "curl",
        "data.table",
        "jsonlite",
        "lgr",
        "methods",
        "mlr3",
        "mlr3misc",
        "paradox",
        "stringi",
        "uuid",
        "withr"
      ],
      "Hash": "5a16e979056b6d32a6469dd245b8e422"
    },
    "mlr3pipelines": {
      "Package": "mlr3pipelines",
      "Version": "0.6.0",
      "Source": "Repository",
      "Repository": "CRAN",
      "Requirements": [
        "R",
        "R6",
        "backports",
        "checkmate",
        "data.table",
        "digest",
        "lgr",
        "mlr3",
        "mlr3misc",
        "paradox",
        "withr"
      ],
      "Hash": "4377f534ff568943e8ab56af58c0e65a"
    },
    "mlr3tuning": {
      "Package": "mlr3tuning",
      "Version": "1.0.1",
      "Source": "Repository",
      "Repository": "CRAN",
      "Requirements": [
        "R",
        "R6",
        "bbotk",
        "checkmate",
        "data.table",
        "lgr",
        "mlr3",
        "mlr3misc",
        "paradox"
      ],
      "Hash": "0c2889eadfe973ae2f4ceaef03f76487"
    },
    "mlr3tuningspaces": {
      "Package": "mlr3tuningspaces",
      "Version": "0.5.1.9000",
      "Source": "GitHub",
      "RemoteType": "github",
      "RemoteHost": "api.github.com",
      "RemoteUsername": "mlr-org",
      "RemoteRepo": "mlr3tuningspaces",
      "RemoteRef": "main",
      "RemoteSha": "5460cdc26f071767ad9692ffd04f203a86f8a67b",
      "Requirements": [
        "R",
        "R6",
        "checkmate",
        "data.table",
        "mlr3",
        "mlr3misc",
        "mlr3tuning",
        "paradox"
      ],
      "Hash": "0230f8c66d74703f276e5fe050db66a2"
    },
    "mlr3verse": {
      "Package": "mlr3verse",
      "Version": "0.3.0",
      "Source": "Repository",
      "Repository": "CRAN",
      "Requirements": [
        "R",
        "bbotk",
        "data.table",
        "mlr3",
        "mlr3cluster",
        "mlr3data",
        "mlr3filters",
        "mlr3fselect",
        "mlr3hyperband",
        "mlr3learners",
        "mlr3mbo",
        "mlr3misc",
        "mlr3pipelines",
        "mlr3tuning",
        "mlr3tuningspaces",
        "mlr3viz",
        "paradox"
      ],
      "Hash": "91bd6bc30f77572d5dfb5e5be11786a3"
    },
    "mlr3viz": {
      "Package": "mlr3viz",
      "Version": "0.9.0",
      "Source": "Repository",
      "Repository": "CRAN",
      "Requirements": [
        "R",
        "checkmate",
        "data.table",
        "ggplot2",
        "mlr3misc",
        "scales",
        "utils",
        "viridis"
      ],
      "Hash": "7f551adf4e2419d42adfe075921d72c8"
    },
    "modeltools": {
      "Package": "modeltools",
      "Version": "0.2-23",
      "Source": "Repository",
      "Repository": "CRAN",
      "Requirements": [
        "methods",
        "stats",
        "stats4"
      ],
      "Hash": "f5a957c02222589bdf625a67be68b2a9"
    },
    "munsell": {
      "Package": "munsell",
      "Version": "0.5.1",
      "Source": "Repository",
      "Repository": "RSPM",
      "Requirements": [
        "colorspace",
        "methods"
      ],
      "Hash": "4fd8900853b746af55b81fda99da7695"
    },
    "nlme": {
      "Package": "nlme",
      "Version": "3.1-166",
      "Source": "Repository",
      "Repository": "CRAN",
      "Requirements": [
        "R",
        "graphics",
        "lattice",
        "stats",
        "utils"
      ],
      "Hash": "ccbb8846be320b627e6aa2b4616a2ded"
    },
    "nnet": {
      "Package": "nnet",
      "Version": "7.3-19",
      "Source": "Repository",
      "Repository": "CRAN",
      "Requirements": [
        "R",
        "stats",
        "utils"
      ],
      "Hash": "2c797b46eea7fb58ede195bc0b1f1138"
    },
    "palmerpenguins": {
      "Package": "palmerpenguins",
      "Version": "0.1.1",
      "Source": "Repository",
      "Repository": "CRAN",
      "Requirements": [
        "R"
      ],
      "Hash": "6c6861efbc13c1d543749e9c7be4a592"
    },
    "paradox": {
      "Package": "paradox",
      "Version": "1.0.1",
      "Source": "Repository",
      "Repository": "CRAN",
      "Requirements": [
        "R6",
        "backports",
        "checkmate",
        "data.table",
        "methods",
        "mlr3misc"
      ],
      "Hash": "0ac0bb5d26a5ce1fce5b7012432ee10f"
    },
    "parallelly": {
      "Package": "parallelly",
      "Version": "1.38.0",
      "Source": "Repository",
      "Repository": "CRAN",
      "Requirements": [
        "parallel",
        "tools",
        "utils"
      ],
      "Hash": "6e8b139c1904f5e9e14c69db64453bbe"
    },
    "patchwork": {
      "Package": "patchwork",
      "Version": "1.3.0",
      "Source": "Repository",
      "Repository": "CRAN",
      "Requirements": [
        "cli",
        "farver",
        "ggplot2",
        "grDevices",
        "graphics",
        "grid",
        "gtable",
        "rlang",
        "stats",
        "utils"
      ],
      "Hash": "e23fb9ecb1258207bcb763d78d513439"
    },
    "pillar": {
      "Package": "pillar",
      "Version": "1.9.0",
      "Source": "Repository",
      "Repository": "CRAN",
      "Requirements": [
        "cli",
        "fansi",
        "glue",
        "lifecycle",
        "rlang",
        "utf8",
        "utils",
        "vctrs"
      ],
      "Hash": "15da5a8412f317beeee6175fbc76f4bb"
    },
    "pkgconfig": {
      "Package": "pkgconfig",
      "Version": "2.0.3",
      "Source": "Repository",
      "Repository": "CRAN",
      "Requirements": [
        "utils"
      ],
      "Hash": "01f28d4278f15c76cddbea05899c5d6f"
    },
    "prabclus": {
      "Package": "prabclus",
      "Version": "2.3-3",
      "Source": "Repository",
      "Repository": "CRAN",
      "Requirements": [
        "MASS",
        "R",
        "mclust"
      ],
      "Hash": "57b387c58a84b5a77c324a4196703017"
    },
    "prettyunits": {
      "Package": "prettyunits",
      "Version": "1.2.0",
      "Source": "Repository",
      "Repository": "CRAN",
      "Requirements": [
        "R"
      ],
      "Hash": "6b01fc98b1e86c4f705ce9dcfd2f57c7"
    },
    "processx": {
      "Package": "processx",
      "Version": "3.8.4",
      "Source": "Repository",
      "Repository": "CRAN",
      "Requirements": [
        "R",
        "R6",
        "ps",
        "utils"
      ],
      "Hash": "0c90a7d71988856bad2a2a45dd871bb9"
    },
    "progress": {
      "Package": "progress",
      "Version": "1.2.3",
      "Source": "Repository",
      "Repository": "CRAN",
      "Requirements": [
        "R",
        "R6",
        "crayon",
        "hms",
        "prettyunits"
      ],
      "Hash": "f4625e061cb2865f111b47ff163a5ca6"
    },
    "ps": {
      "Package": "ps",
      "Version": "1.8.0",
      "Source": "Repository",
      "Repository": "CRAN",
      "Requirements": [
        "R",
        "utils"
      ],
      "Hash": "4b9c8485b0c7eecdf0a9ba5132a45576"
    },
    "purrr": {
      "Package": "purrr",
      "Version": "1.0.2",
      "Source": "Repository",
      "Repository": "CRAN",
      "Requirements": [
        "R",
        "cli",
        "lifecycle",
        "magrittr",
        "rlang",
        "vctrs"
      ],
      "Hash": "1cba04a4e9414bdefc9dcaa99649a8dc"
    },
    "qs": {
      "Package": "qs",
      "Version": "0.26.3",
      "Source": "Repository",
      "Repository": "CRAN",
      "Requirements": [
        "BH",
        "R",
        "RApiSerialize",
        "Rcpp",
        "stringfish"
      ],
      "Hash": "e372cf3f70e3c7a768ec5ea14f0f3edd"
    },
    "ragg": {
      "Package": "ragg",
      "Version": "1.3.3",
      "Source": "Repository",
      "Repository": "CRAN",
      "Requirements": [
        "systemfonts",
        "textshaping"
      ],
      "Hash": "0595fe5e47357111f29ad19101c7d271"
    },
    "randomPlantedForest": {
      "Package": "randomPlantedForest",
      "Version": "0.2.1.9000",
      "Source": "GitHub",
      "RemoteType": "github",
      "RemoteHost": "api.github.com",
      "RemoteUsername": "PlantedML",
      "RemoteRepo": "randomPlantedForest",
      "RemoteRef": "master",
      "RemoteSha": "f35c5e4bcf957ed20c0e17f9a0fbfa266041572f",
      "Requirements": [
        "Rcpp",
        "checkmate",
        "data.table",
        "hardhat",
        "methods",
        "utils"
      ],
      "Hash": "0e1c12e5161515a4acae2471ec383b2d"
    },
    "ranger": {
      "Package": "ranger",
      "Version": "0.16.0",
      "Source": "Repository",
      "Repository": "CRAN",
      "Requirements": [
        "Matrix",
        "R",
        "Rcpp",
        "RcppEigen"
      ],
      "Hash": "d5ca3a8d00f088042ea3b638534e0f3d"
    },
    "rappdirs": {
      "Package": "rappdirs",
      "Version": "0.3.3",
      "Source": "Repository",
      "Repository": "CRAN",
      "Requirements": [
        "R"
      ],
      "Hash": "5e3c5dc0b071b21fa128676560dbe94d"
    },
    "renv": {
      "Package": "renv",
      "Version": "1.0.9",
      "Source": "Repository",
      "Repository": "CRAN",
      "Requirements": [
        "utils"
      ],
      "Hash": "ef233f0e9064fc88c898b340c9add5c2"
    },
    "rgenoud": {
      "Package": "rgenoud",
      "Version": "5.9-0.11",
      "Source": "Repository",
      "Repository": "CRAN",
      "Requirements": [
        "R",
        "utils"
      ],
      "Hash": "40949dd2b9ad7ceb2bc6a8bd100a9330"
    },
    "rlang": {
      "Package": "rlang",
      "Version": "1.1.4",
      "Source": "Repository",
      "Repository": "RSPM",
      "Requirements": [
        "R",
        "utils"
      ],
      "Hash": "3eec01f8b1dee337674b2e34ab1f9bc1"
    },
    "rmarkdown": {
      "Package": "rmarkdown",
      "Version": "2.28",
      "Source": "Repository",
      "Repository": "CRAN",
      "Requirements": [
        "R",
        "bslib",
        "evaluate",
        "fontawesome",
        "htmltools",
        "jquerylib",
        "jsonlite",
        "knitr",
        "methods",
        "tinytex",
        "tools",
        "utils",
        "xfun",
        "yaml"
      ],
      "Hash": "062470668513dcda416927085ee9bdc7"
    },
    "robustbase": {
      "Package": "robustbase",
      "Version": "0.99-4",
      "Source": "Repository",
      "Repository": "CRAN",
      "Requirements": [
        "DEoptimR",
        "R",
        "graphics",
        "methods",
        "stats",
        "utils"
      ],
      "Hash": "dc2014ed526bc05ecdf68d9e4717d15a"
    },
    "rprojroot": {
      "Package": "rprojroot",
      "Version": "2.0.4",
      "Source": "Repository",
      "Repository": "CRAN",
      "Requirements": [
        "R"
      ],
      "Hash": "4c8415e0ec1e29f3f4f6fc108bef0144"
    },
    "rstudioapi": {
      "Package": "rstudioapi",
      "Version": "0.16.0",
      "Source": "Repository",
      "Repository": "CRAN",
      "Hash": "96710351d642b70e8f02ddeb237c46a7"
    },
    "sass": {
      "Package": "sass",
      "Version": "0.4.9",
      "Source": "Repository",
      "Repository": "CRAN",
      "Requirements": [
        "R6",
        "fs",
        "htmltools",
        "rappdirs",
        "rlang"
      ],
      "Hash": "d53dbfddf695303ea4ad66f86e99b95d"
    },
    "scales": {
      "Package": "scales",
      "Version": "1.3.0",
      "Source": "Repository",
      "Repository": "CRAN",
      "Requirements": [
        "R",
        "R6",
        "RColorBrewer",
        "cli",
        "farver",
        "glue",
        "labeling",
        "lifecycle",
        "munsell",
        "rlang",
        "viridisLite"
      ],
      "Hash": "c19df082ba346b0ffa6f833e92de34d1"
    },
    "spacefillr": {
      "Package": "spacefillr",
      "Version": "0.3.3",
      "Source": "Repository",
      "Repository": "CRAN",
      "Requirements": [
        "Rcpp"
      ],
      "Hash": "16d32294bfd9e55d295ec40eec8aa89f"
    },
    "stabm": {
      "Package": "stabm",
      "Version": "1.2.2",
      "Source": "Repository",
      "Repository": "CRAN",
      "Requirements": [
        "Matrix",
        "R",
        "checkmate",
        "methods",
        "stats",
        "utils"
      ],
      "Hash": "40255a660f4c132a017fee4239e39dbd"
    },
    "stringfish": {
      "Package": "stringfish",
      "Version": "0.16.0",
      "Source": "Repository",
      "Repository": "CRAN",
      "Requirements": [
        "R",
        "Rcpp",
        "RcppParallel"
      ],
      "Hash": "b7eb79470319ae71d4b5ed9cd7bf7294"
    },
    "stringi": {
      "Package": "stringi",
      "Version": "1.8.4",
      "Source": "Repository",
      "Repository": "CRAN",
      "Requirements": [
        "R",
        "stats",
        "tools",
        "utils"
      ],
      "Hash": "39e1144fd75428983dc3f63aa53dfa91"
    },
    "stringr": {
      "Package": "stringr",
      "Version": "1.5.1",
      "Source": "Repository",
      "Repository": "CRAN",
      "Requirements": [
        "R",
        "cli",
        "glue",
        "lifecycle",
        "magrittr",
        "rlang",
        "stringi",
        "vctrs"
      ],
      "Hash": "960e2ae9e09656611e0b8214ad543207"
    },
    "svglite": {
      "Package": "svglite",
      "Version": "2.1.3",
      "Source": "Repository",
      "Repository": "RSPM",
      "Requirements": [
        "R",
        "cpp11",
        "systemfonts"
      ],
      "Hash": "124a41fdfa23e8691cb744c762f10516"
    },
    "systemfonts": {
      "Package": "systemfonts",
      "Version": "1.1.0",
      "Source": "Repository",
      "Repository": "RSPM",
      "Requirements": [
        "R",
        "cpp11",
        "lifecycle"
      ],
      "Hash": "213b6b8ed5afbf934843e6c3b090d418"
    },
    "textshaping": {
      "Package": "textshaping",
      "Version": "0.4.0",
      "Source": "Repository",
      "Repository": "CRAN",
      "Requirements": [
        "R",
        "cpp11",
        "lifecycle",
        "systemfonts"
      ],
      "Hash": "5142f8bc78ed3d819d26461b641627ce"
    },
    "tibble": {
      "Package": "tibble",
      "Version": "3.2.1",
      "Source": "Repository",
      "Repository": "CRAN",
      "Requirements": [
        "R",
        "fansi",
        "lifecycle",
        "magrittr",
        "methods",
        "pillar",
        "pkgconfig",
        "rlang",
        "utils",
        "vctrs"
      ],
      "Hash": "a84e2cc86d07289b3b6f5069df7a004c"
    },
    "tictoc": {
      "Package": "tictoc",
      "Version": "1.2.1",
      "Source": "Repository",
      "Repository": "CRAN",
      "Requirements": [
        "R",
        "methods"
      ],
      "Hash": "646895a33d57984ce7534249bd9adf64"
    },
    "tidyr": {
      "Package": "tidyr",
      "Version": "1.3.1",
      "Source": "Repository",
      "Repository": "CRAN",
      "Requirements": [
        "R",
        "cli",
        "cpp11",
        "dplyr",
        "glue",
        "lifecycle",
        "magrittr",
        "purrr",
        "rlang",
        "stringr",
        "tibble",
        "tidyselect",
        "utils",
        "vctrs"
      ],
      "Hash": "915fb7ce036c22a6a33b5a8adb712eb1"
    },
    "tidyselect": {
      "Package": "tidyselect",
      "Version": "1.2.1",
      "Source": "Repository",
      "Repository": "CRAN",
      "Requirements": [
        "R",
        "cli",
        "glue",
        "lifecycle",
        "rlang",
        "vctrs",
        "withr"
      ],
      "Hash": "829f27b9c4919c16b593794a6344d6c0"
    },
    "tinytex": {
      "Package": "tinytex",
      "Version": "0.53",
      "Source": "Repository",
      "Repository": "CRAN",
      "Requirements": [
        "xfun"
      ],
      "Hash": "9db859e8aabbb474293dde3097839420"
    },
    "utf8": {
      "Package": "utf8",
      "Version": "1.2.4",
      "Source": "Repository",
      "Repository": "CRAN",
      "Requirements": [
        "R"
      ],
      "Hash": "62b65c52671e6665f803ff02954446e9"
    },
    "uuid": {
      "Package": "uuid",
      "Version": "1.2-1",
      "Source": "Repository",
      "Repository": "CRAN",
      "Requirements": [
        "R"
      ],
      "Hash": "34e965e62a41fcafb1ca60e9b142085b"
    },
    "vctrs": {
      "Package": "vctrs",
      "Version": "0.6.5",
      "Source": "Repository",
      "Repository": "CRAN",
      "Requirements": [
        "R",
        "cli",
        "glue",
        "lifecycle",
        "rlang"
      ],
      "Hash": "c03fa420630029418f7e6da3667aac4a"
    },
    "viridis": {
      "Package": "viridis",
      "Version": "0.6.5",
      "Source": "Repository",
      "Repository": "RSPM",
      "Requirements": [
        "R",
        "ggplot2",
        "gridExtra",
        "viridisLite"
      ],
      "Hash": "acd96d9fa70adeea4a5a1150609b9745"
    },
    "viridisLite": {
      "Package": "viridisLite",
      "Version": "0.4.2",
      "Source": "Repository",
      "Repository": "CRAN",
      "Requirements": [
        "R"
      ],
      "Hash": "c826c7c4241b6fc89ff55aaea3fa7491"
    },
    "withr": {
      "Package": "withr",
      "Version": "3.0.1",
      "Source": "Repository",
      "Repository": "CRAN",
      "Requirements": [
        "R",
        "grDevices",
        "graphics"
      ],
      "Hash": "07909200e8bbe90426fbfeb73e1e27aa"
    },
    "xfun": {
      "Package": "xfun",
      "Version": "0.47",
      "Source": "Repository",
      "Repository": "CRAN",
      "Requirements": [
        "R",
        "grDevices",
        "stats",
        "tools"
      ],
      "Hash": "36ab21660e2d095fef0d83f689e0477c"
    },
    "xgboost": {
      "Package": "xgboost",
      "Version": "1.7.8.1",
      "Source": "Repository",
      "Repository": "CRAN",
      "Requirements": [
        "Matrix",
        "R",
        "data.table",
        "jsonlite",
        "methods"
      ],
      "Hash": "f7aa70849f72103d78c99df10eae6164"
    },
    "xml2": {
      "Package": "xml2",
      "Version": "1.3.6",
      "Source": "Repository",
      "Repository": "CRAN",
      "Requirements": [
        "R",
        "cli",
        "methods",
        "rlang"
      ],
      "Hash": "1d0336142f4cd25d8d23cd3ba7a8fb61"
    },
    "yaml": {
      "Package": "yaml",
      "Version": "2.3.10",
      "Source": "Repository",
      "Repository": "CRAN",
      "Hash": "51dab85c6c98e50a18d7551e9d49f76c"
    }
  }
}
